
Microsoft Visual Studio Solution File, Format Version 12.00
# Visual Studio 15
VisualStudioVersion = 15.0.28010.2026
MinimumVisualStudioVersion = 10.0.40219.1
Project("{9A19103F-16F7-4668-BE54-9A1E7A4F7556}") = "Greeter.Console", "Greeter.Console\Greeter.Console.csproj", "{049FC834-E97C-41D1-BCCD-5BBAF84F21D2}"
EndProject
Project("{9A19103F-16F7-4668-BE54-9A1E7A4F7556}") = "Greeter.Tests", "Greeter.Tests\Greeter.Tests.csproj", "{F85AE876-B376-46BF-B644-E7BA2923B84D}"
EndProject
Global
	GlobalSection(SolutionConfigurationPlatforms) = preSolution
		Debug|Any CPU = Debug|Any CPU
		Release|Any CPU = Release|Any CPU
	EndGlobalSection
	GlobalSection(ProjectConfigurationPlatforms) = postSolution
		{049FC834-E97C-41D1-BCCD-5BBAF84F21D2}.Debug|Any CPU.ActiveCfg = Debug|Any CPU
		{049FC834-E97C-41D1-BCCD-5BBAF84F21D2}.Debug|Any CPU.Build.0 = Debug|Any CPU
		{049FC834-E97C-41D1-BCCD-5BBAF84F21D2}.Release|Any CPU.ActiveCfg = Release|Any CPU
		{049FC834-E97C-41D1-BCCD-5BBAF84F21D2}.Release|Any CPU.Build.0 = Release|Any CPU
		{F85AE876-B376-46BF-B644-E7BA2923B84D}.Debug|Any CPU.ActiveCfg = Debug|Any CPU
		{F85AE876-B376-46BF-B644-E7BA2923B84D}.Debug|Any CPU.Build.0 = Debug|Any CPU
		{F85AE876-B376-46BF-B644-E7BA2923B84D}.Release|Any CPU.ActiveCfg = Release|Any CPU
		{F85AE876-B376-46BF-B644-E7BA2923B84D}.Release|Any CPU.Build.0 = Release|Any CPU
	EndGlobalSection
	GlobalSection(SolutionProperties) = preSolution
		HideSolutionNode = FALSE
	EndGlobalSection
	GlobalSection(ExtensibilityGlobals) = postSolution
		SolutionGuid = {5E3ACC69-2511-41B9-A7DF-A084CB890E4B}
	EndGlobalSection
EndGlobal
